{
  "version": 1,
  "dependencies": {
    "net7.0": {
      "AWSSDK.ECR": {
        "type": "Direct",
        "requested": "[3.7.200.28, )",
        "resolved": "3.7.200.28",
        "contentHash": "P2mxTpptnnbkeqtnopxXLPUU+TjJYgfTZZli3/XqY8R0K5fVEYDAOWM2EuFC8tX5PBsruLDni0lEr2gC+nRArg==",
        "dependencies": {
          "AWSSDK.Core": "[3.7.201.8, 4.0.0)"
        }
      },
      "AWSSDK.ECRPublic": {
        "type": "Direct",
        "requested": "[3.7.200.28, )",
        "resolved": "3.7.200.28",
        "contentHash": "Vle1nK2cvNule6uK1zkdVP+F1i4k/sY1erSA9xvhDpx2dKcqyoXd42ErQ9gjJRgbnZWBZgeTqY8MdWKthlTCrQ==",
        "dependencies": {
          "AWSSDK.Core": "[3.7.201.8, 4.0.0)"
        }
      },
      "StyleCop.Analyzers": {
        "type": "Direct",
        "requested": "[1.2.0-beta.354, )",
        "resolved": "1.2.0-beta.354",
        "contentHash": "oDSJNxnEvIzAQTkpkc/FnJP4dQ7TV6fHMsI+2ckU5DOaMiwiEfh1fawMsSqz2bCoNwbTt9lS6MgYvyVKujNJoA==",
        "dependencies": {
          "StyleCop.Analyzers.Unstable": "1.2.0.354"
        }
      },
      "AWSSDK.Core": {
        "type": "Transitive",
        "resolved": "3.7.201.8",
        "contentHash": "AWccjdl7m+8eJN5C0LL4ypVLKxb+QGnciNBbLixuSC1oPvqrS9gkVSRPQVxXimIgKAK0FTs8/sKQ86shL07k/Q=="
      },
      "StyleCop.Analyzers.Unstable": {
        "type": "Transitive",
        "resolved": "1.2.0.354",
        "contentHash": "/3RlM31XbJ02gaWh7dVumWOyMvGHswb/zygGJXd9oEJMRyyYc/HFJlAC5gBPxvi9cB4CMvIyyUTmZz5VLKwTvg=="
      }
    }
  }
}