{
  "version": 1,
  "dependencies": {
    "net7.0": {
      "AWSSDK.ECR": {
        "type": "Direct",
        "requested": "[3.7.301.14, )",
        "resolved": "3.7.301.14",
        "contentHash": "zBPsypitH3PYtzJ0TFsxLA+7rTzoEwA49YgSNXBvBtsZXqxL34vnuYRMXGX+56Bi2JybddPjYmO1Xmgrbzj8LA==",
        "dependencies": {
          "AWSSDK.Core": "[3.7.300.19, 4.0.0)"
        }
      },
      "AWSSDK.ECRPublic": {
        "type": "Direct",
        "requested": "[3.7.300.19, )",
        "resolved": "3.7.300.19",
        "contentHash": "NroRTAFCznOPtjqOV5yaVLKcxeUEFRKA0iWFMUDn+KOAKkrApxF/NQqxlQyD5TyVMuC05SbQvuc2ZQlKE6nJyQ==",
        "dependencies": {
          "AWSSDK.Core": "[3.7.300.19, 4.0.0)"
        }
      },
      "StyleCop.Analyzers": {
        "type": "Direct",
        "requested": "[1.2.0-beta.354, )",
        "resolved": "1.2.0-beta.354",
        "contentHash": "oDSJNxnEvIzAQTkpkc/FnJP4dQ7TV6fHMsI+2ckU5DOaMiwiEfh1fawMsSqz2bCoNwbTt9lS6MgYvyVKujNJoA==",
        "dependencies": {
          "StyleCop.Analyzers.Unstable": "1.2.0.354"
        }
      },
      "AWSSDK.Core": {
        "type": "Transitive",
        "resolved": "3.7.300.19",
        "contentHash": "bQCDDaT92Ck7JrchAQYRmFJHCBDtCN5g5wObkN6fYXBXxDhUFsBYu7oRzhIdARDxd9h8sg2hnFyieOvNaLJNgg=="
      },
      "StyleCop.Analyzers.Unstable": {
        "type": "Transitive",
        "resolved": "1.2.0.354",
        "contentHash": "/3RlM31XbJ02gaWh7dVumWOyMvGHswb/zygGJXd9oEJMRyyYc/HFJlAC5gBPxvi9cB4CMvIyyUTmZz5VLKwTvg=="
      }
    }
  }
}