{
  "version": 1,
  "dependencies": {
    "net7.0": {
      "AWSSDK.ECR": {
        "type": "Direct",
        "requested": "[3.7.201.13, )",
        "resolved": "3.7.201.13",
        "contentHash": "mdqWK674vxACnY/V3ZSW+vAu6CwK10RwA31okuCKNKaz6kTnEyTHZUx9MjhTfHWsdzl0LVb5IMzni1TIeylRjw==",
        "dependencies": {
          "AWSSDK.Core": "[3.7.202.18, 4.0.0)"
        }
      },
      "AWSSDK.ECRPublic": {
        "type": "Direct",
        "requested": "[3.7.200.49, )",
        "resolved": "3.7.200.49",
        "contentHash": "Wfcm81xrgUt/gN4r7a+zkjfrzySpm0vK/tlZztSuztJIW8A1opJwk5D0Mbhq3YH8cyFNpoj9VdmnT1yJDZ9Z+g==",
        "dependencies": {
          "AWSSDK.Core": "[3.7.202.18, 4.0.0)"
        }
      },
      "StyleCop.Analyzers": {
        "type": "Direct",
        "requested": "[1.2.0-beta.354, )",
        "resolved": "1.2.0-beta.354",
        "contentHash": "oDSJNxnEvIzAQTkpkc/FnJP4dQ7TV6fHMsI+2ckU5DOaMiwiEfh1fawMsSqz2bCoNwbTt9lS6MgYvyVKujNJoA==",
        "dependencies": {
          "StyleCop.Analyzers.Unstable": "1.2.0.354"
        }
      },
      "AWSSDK.Core": {
        "type": "Transitive",
        "resolved": "3.7.202.18",
        "contentHash": "burD+Y5voF7HFwSLL58FKnGPL3O+SiXkmAz6+3tQFeLx/AybcrT56GlILbg6TSsayMddCrFNL5o5p/6ZypF8XQ=="
      },
      "StyleCop.Analyzers.Unstable": {
        "type": "Transitive",
        "resolved": "1.2.0.354",
        "contentHash": "/3RlM31XbJ02gaWh7dVumWOyMvGHswb/zygGJXd9oEJMRyyYc/HFJlAC5gBPxvi9cB4CMvIyyUTmZz5VLKwTvg=="
      }
    }
  }
}